
Microsoft Visual Studio Solution File, Format Version 12.00
# Visual Studio 2017
Project("{FAE04EC0-301F-11D3-BF4B-00C04F79EFBC}") = "Nebula Runner Final Product", "Nebula Runner Final Product.csproj", "{30A577A2-C539-8E59-710E-98BDE371ACCF}"
EndProject
Global
	GlobalSection(SolutionConfigurationPlatforms) = preSolution
		Debug|Any CPU = Debug|Any CPU
		Release|Any CPU = Release|Any CPU
	EndGlobalSection
	GlobalSection(ProjectConfigurationPlatforms) = postSolution
		{30A577A2-C539-8E59-710E-98BDE371ACCF}.Debug|Any CPU.ActiveCfg = Debug|Any CPU
		{30A577A2-C539-8E59-710E-98BDE371ACCF}.Debug|Any CPU.Build.0 = Debug|Any CPU
		{30A577A2-C539-8E59-710E-98BDE371ACCF}.Release|Any CPU.ActiveCfg = Release|Any CPU
		{30A577A2-C539-8E59-710E-98BDE371ACCF}.Release|Any CPU.Build.0 = Release|Any CPU
	EndGlobalSection
	GlobalSection(SolutionProperties) = preSolution
		HideSolutionNode = FALSE
	EndGlobalSection
EndGlobal
